
Microsoft Visual Studio Solution File, Format Version 12.00
# Visual Studio 14
VisualStudioVersion = 14.0.23107.0
MinimumVisualStudioVersion = 10.0.40219.1
Project("{FAE04EC0-301F-11D3-BF4B-00C04F79EFBC}") = "Spris.Sample1", "Spris.Sample1\Spris.Sample1.csproj", "{EF143C1C-905F-458A-B7B9-BE9381AB2B1D}"
EndProject
Global
	GlobalSection(SolutionConfigurationPlatforms) = preSolution
		Debug|Any CPU = Debug|Any CPU
		Release|Any CPU = Release|Any CPU
	EndGlobalSection
	GlobalSection(ProjectConfigurationPlatforms) = postSolution
		{EF143C1C-905F-458A-B7B9-BE9381AB2B1D}.Debug|Any CPU.ActiveCfg = Debug|Any CPU
		{EF143C1C-905F-458A-B7B9-BE9381AB2B1D}.Debug|Any CPU.Build.0 = Debug|Any CPU
		{EF143C1C-905F-458A-B7B9-BE9381AB2B1D}.Release|Any CPU.ActiveCfg = Release|Any CPU
		{EF143C1C-905F-458A-B7B9-BE9381AB2B1D}.Release|Any CPU.Build.0 = Release|Any CPU
	EndGlobalSection
	GlobalSection(SolutionProperties) = preSolution
		HideSolutionNode = FALSE
	EndGlobalSection
EndGlobal
